github.com/pulumi/pulumi-hugo v0.0.0-20210317223024-2b73efe8188d h1:vpN5ELCQCdw+Gqh31KNSLsiTP/VfO7ZXd6sBxZ5U/14=
github.com/pulumi/pulumi-hugo v0.0.0-20210317223024-2b73efe8188d/go.mod h1:0Ga79JDSmnj1XQdlemNqgvN/T2uCY9o4qY2t4uTE8P4=
github.com/pulumi/pulumi-hugo v0.0.0-20210317224423-287ad1329bc2 h1:Jhxe1MZpzfqf4M7JGS23+JiRrIRjUaMjbn0JB30Sgr8=
github.com/pulumi/pulumi-hugo v0.0.0-20210317224423-287ad1329bc2/go.mod h1:0Ga79JDSmnj1XQdlemNqgvN/T2uCY9o4qY2t4uTE8P4=
